
Microsoft Visual Studio Solution File, Format Version 12.00
# Visual Studio Version 16
VisualStudioVersion = 16.0.30503.244
MinimumVisualStudioVersion = 10.0.40219.1
Project("{FAE04EC0-301F-11D3-BF4B-00C04F79EFBC}") = "Sistema de venda", "Sistema de venda.csproj", "{C60794A7-D28F-42BA-BCBA-2E0555C7A7C7}"
EndProject
Project("{FAE04EC0-301F-11D3-BF4B-00C04F79EFBC}") = "Modelo", "..\Modelo\Modelo.csproj", "{C3260219-185A-477F-89F5-88D8CE4C0F2F}"
EndProject
Project("{FAE04EC0-301F-11D3-BF4B-00C04F79EFBC}") = "DAL", "..\DAL\DAL.csproj", "{BCF2CBD8-BBE7-4262-89A6-2349EC2D4615}"
EndProject
Project("{FAE04EC0-301F-11D3-BF4B-00C04F79EFBC}") = "BLL", "..\BLL\BLL.csproj", "{02B88350-576A-4058-9635-F37E49B8D957}"
EndProject
Project("{FAE04EC0-301F-11D3-BF4B-00C04F79EFBC}") = "Ferramentas", "..\Ferramentas\Ferramentas.csproj", "{3C602036-6A58-477E-B6BD-601D031A4493}"
EndProject
Global
	GlobalSection(SolutionConfigurationPlatforms) = preSolution
		Debug|Any CPU = Debug|Any CPU
		Release|Any CPU = Release|Any CPU
	EndGlobalSection
	GlobalSection(ProjectConfigurationPlatforms) = postSolution
		{C60794A7-D28F-42BA-BCBA-2E0555C7A7C7}.Debug|Any CPU.ActiveCfg = Debug|Any CPU
		{C60794A7-D28F-42BA-BCBA-2E0555C7A7C7}.Debug|Any CPU.Build.0 = Debug|Any CPU
		{C60794A7-D28F-42BA-BCBA-2E0555C7A7C7}.Release|Any CPU.ActiveCfg = Release|Any CPU
		{C60794A7-D28F-42BA-BCBA-2E0555C7A7C7}.Release|Any CPU.Build.0 = Release|Any CPU
		{C3260219-185A-477F-89F5-88D8CE4C0F2F}.Debug|Any CPU.ActiveCfg = Debug|Any CPU
		{C3260219-185A-477F-89F5-88D8CE4C0F2F}.Debug|Any CPU.Build.0 = Debug|Any CPU
		{C3260219-185A-477F-89F5-88D8CE4C0F2F}.Release|Any CPU.ActiveCfg = Release|Any CPU
		{C3260219-185A-477F-89F5-88D8CE4C0F2F}.Release|Any CPU.Build.0 = Release|Any CPU
		{BCF2CBD8-BBE7-4262-89A6-2349EC2D4615}.Debug|Any CPU.ActiveCfg = Debug|Any CPU
		{BCF2CBD8-BBE7-4262-89A6-2349EC2D4615}.Debug|Any CPU.Build.0 = Debug|Any CPU
		{BCF2CBD8-BBE7-4262-89A6-2349EC2D4615}.Release|Any CPU.ActiveCfg = Release|Any CPU
		{BCF2CBD8-BBE7-4262-89A6-2349EC2D4615}.Release|Any CPU.Build.0 = Release|Any CPU
		{02B88350-576A-4058-9635-F37E49B8D957}.Debug|Any CPU.ActiveCfg = Debug|Any CPU
		{02B88350-576A-4058-9635-F37E49B8D957}.Debug|Any CPU.Build.0 = Debug|Any CPU
		{02B88350-576A-4058-9635-F37E49B8D957}.Release|Any CPU.ActiveCfg = Release|Any CPU
		{02B88350-576A-4058-9635-F37E49B8D957}.Release|Any CPU.Build.0 = Release|Any CPU
		{3C602036-6A58-477E-B6BD-601D031A4493}.Debug|Any CPU.ActiveCfg = Debug|Any CPU
		{3C602036-6A58-477E-B6BD-601D031A4493}.Debug|Any CPU.Build.0 = Debug|Any CPU
		{3C602036-6A58-477E-B6BD-601D031A4493}.Release|Any CPU.ActiveCfg = Release|Any CPU
		{3C602036-6A58-477E-B6BD-601D031A4493}.Release|Any CPU.Build.0 = Release|Any CPU
	EndGlobalSection
	GlobalSection(SolutionProperties) = preSolution
		HideSolutionNode = FALSE
	EndGlobalSection
	GlobalSection(ExtensibilityGlobals) = postSolution
		SolutionGuid = {38591F1A-58DB-4801-9010-5673A8B5AEC8}
	EndGlobalSection
EndGlobal
